// !$*UTF8*$!
{
	archiveVersion = 1;
	classes = {
	};
	objectVersion = 50;
	objects = {

/* Begin PBXBuildFile section */
		F0CEE493210810F2007B9DCA /* AppDelegate.m in Sources */ = {isa = PBXBuildFile; fileRef = F0CEE492210810F2007B9DCA /* AppDelegate.m */; };
		F0CEE496210810F2007B9DCA /* ViewController.m in Sources */ = {isa = PBXBuildFile; fileRef = F0CEE495210810F2007B9DCA /* ViewController.m */; };
		F0CEE499210810F2007B9DCA /* Main.storyboard in Resources */ = {isa = PBXBuildFile; fileRef = F0CEE497210810F2007B9DCA /* Main.storyboard */; };
		F0CEE49B21081115007B9DCA /* Assets.xcassets in Resources */ = {isa = PBXBuildFile; fileRef = F0CEE49A21081115007B9DCA /* Assets.xcassets */; };
		F0CEE49E21081116007B9DCA /* LaunchScreen.storyboard in Resources */ = {isa = PBXBuildFile; fileRef = F0CEE49C21081116007B9DCA /* LaunchScreen.storyboard */; };
		F0CEE4A121081116007B9DCA /* main.m in Sources */ = {isa = PBXBuildFile; fileRef = F0CEE4A021081116007B9DCA /* main.m */; };
		F0CEE4A9210811CF007B9DCA /* ESCOpenGLESView.m in Sources */ = {isa = PBXBuildFile; fileRef = F0CEE4A8210811CF007B9DCA /* ESCOpenGLESView.m */; };
		F0CEE4AF210821AB007B9DCA /* fragmentshader.fmsd in Resources */ = {isa = PBXBuildFile; fileRef = F0CEE4AE210821AB007B9DCA /* fragmentshader.fmsd */; };
		F0CEE4B82108583D007B9DCA /* vertexshader.vtsd in Resources */ = {isa = PBXBuildFile; fileRef = F0CEE4B72108583D007B9DCA /* vertexshader.vtsd */; };
/* End PBXBuildFile section */

/* Begin PBXFileReference section */
		F0CEE48E210810F2007B9DCA /* ESCOpenGLESShowImageDemo.app */ = {isa = PBXFileReference; explicitFileType = wrapper.application; includeInIndex = 0; path = ESCOpenGLESShowImageDemo.app; sourceTree = BUILT_PRODUCTS_DIR; };
		F0CEE491210810F2007B9DCA /* AppDelegate.h */ = {isa = PBXFileReference; lastKnownFileType = sourcecode.c.h; path = AppDelegate.h; sourceTree = "<group>"; };
		F0CEE492210810F2007B9DCA /* AppDelegate.m */ = {isa = PBXFileReference; lastKnownFileType = sourcecode.c.objc; path = AppDelegate.m; sourceTree = "<group>"; };
		F0CEE494210810F2007B9DCA /* ViewController.h */ = {isa = PBXFileReference; lastKnownFileType = sourcecode.c.h; path = ViewController.h; sourceTree = "<group>"; };
		F0CEE495210810F2007B9DCA /* ViewController.m */ = {isa = PBXFileReference; lastKnownFileType = sourcecode.c.objc; path = ViewController.m; sourceTree = "<group>"; };
		F0CEE498210810F2007B9DCA /* Base */ = {isa = PBXFileReference; lastKnownFileType = file.storyboard; name = Base; path = Base.lproj/Main.storyboard; sourceTree = "<group>"; };
		F0CEE49A21081115007B9DCA /* Assets.xcassets */ = {isa = PBXFileReference; lastKnownFileType = folder.assetcatalog; path = Assets.xcassets; sourceTree = "<group>"; };
		F0CEE49D21081116007B9DCA /* Base */ = {isa = PBXFileReference; lastKnownFileType = file.storyboard; name = Base; path = Base.lproj/LaunchScreen.storyboard; sourceTree = "<group>"; };
		F0CEE49F21081116007B9DCA /* Info.plist */ = {isa = PBXFileReference; lastKnownFileType = text.plist.xml; path = Info.plist; sourceTree = "<group>"; };
		F0CEE4A021081116007B9DCA /* main.m */ = {isa = PBXFileReference; lastKnownFileType = sourcecode.c.objc; path = main.m; sourceTree = "<group>"; };
		F0CEE4A7210811CF007B9DCA /* ESCOpenGLESView.h */ = {isa = PBXFileReference; lastKnownFileType = sourcecode.c.h; path = ESCOpenGLESView.h; sourceTree = "<group>"; };
		F0CEE4A8210811CF007B9DCA /* ESCOpenGLESView.m */ = {isa = PBXFileReference; lastKnownFileType = sourcecode.c.objc; path = ESCOpenGLESView.m; sourceTree = "<group>"; };
		F0CEE4AE210821AB007B9DCA /* fragmentshader.fmsd */ = {isa = PBXFileReference; lastKnownFileType = text; path = fragmentshader.fmsd; sourceTree = "<group>"; };
		F0CEE4B72108583D007B9DCA /* vertexshader.vtsd */ = {isa = PBXFileReference; lastKnownFileType = text; path = vertexshader.vtsd; sourceTree = "<group>"; };
/* End PBXFileReference section */

/* Begin PBXFrameworksBuildPhase section */
		F0CEE48B210810F2007B9DCA /* Frameworks */ = {
			isa = PBXFrameworksBuildPhase;
			buildActionMask = 2147483647;
			files = (
			);
			runOnlyForDeploymentPostprocessing = 0;
		};
/* End PBXFrameworksBuildPhase section */

/* Begin PBXGroup section */
		F0CEE485210810F2007B9DCA = {
			isa = PBXGroup;
			children = (
				F0CEE490210810F2007B9DCA /* ESCOpenGLESShowImageDemo */,
				F0CEE48F210810F2007B9DCA /* Products */,
			);
			sourceTree = "<group>";
		};
		F0CEE48F210810F2007B9DCA /* Products */ = {
			isa = PBXGroup;
			children = (
				F0CEE48E210810F2007B9DCA /* ESCOpenGLESShowImageDemo.app */,
			);
			name = Products;
			sourceTree = "<group>";
		};
		F0CEE490210810F2007B9DCA /* ESCOpenGLESShowImageDemo */ = {
			isa = PBXGroup;
			children = (
				F0CEE491210810F2007B9DCA /* AppDelegate.h */,
				F0CEE492210810F2007B9DCA /* AppDelegate.m */,
				F0CEE494210810F2007B9DCA /* ViewController.h */,
				F0CEE495210810F2007B9DCA /* ViewController.m */,
				F0CEE497210810F2007B9DCA /* Main.storyboard */,
				F0CEE4A7210811CF007B9DCA /* ESCOpenGLESView.h */,
				F0CEE4A8210811CF007B9DCA /* ESCOpenGLESView.m */,
				F0CEE4B72108583D007B9DCA /* vertexshader.vtsd */,
				F0CEE4AE210821AB007B9DCA /* fragmentshader.fmsd */,
				F0CEE49A21081115007B9DCA /* Assets.xcassets */,
				F0CEE49C21081116007B9DCA /* LaunchScreen.storyboard */,
				F0CEE49F21081116007B9DCA /* Info.plist */,
				F0CEE4A021081116007B9DCA /* main.m */,
			);
			path = ESCOpenGLESShowImageDemo;
			sourceTree = "<group>";
		};
/* End PBXGroup section */

/* Begin PBXNativeTarget section */
		F0CEE48D210810F2007B9DCA /* ESCOpenGLESShowImageDemo */ = {
			isa = PBXNativeTarget;
			buildConfigurationList = F0CEE4A421081116007B9DCA /* Build configuration list for PBXNativeTarget "ESCOpenGLESShowImageDemo" */;
			buildPhases = (
				F0CEE48A210810F2007B9DCA /* Sources */,
				F0CEE48B210810F2007B9DCA /* Frameworks */,
				F0CEE48C210810F2007B9DCA /* Resources */,
			);
			buildRules = (
			);
			dependencies = (
			);
			name = ESCOpenGLESShowImageDemo;
			productName = ESCOpenGLESShowImageDemo;
			productReference = F0CEE48E210810F2007B9DCA /* ESCOpenGLESShowImageDemo.app */;
			productType = "com.apple.product-type.application";
		};
/* End PBXNativeTarget section */

/* Begin PBXProject section */
		F0CEE486210810F2007B9DCA /* Project object */ = {
			isa = PBXProject;
			attributes = {
				LastUpgradeCheck = 0940;
				ORGANIZATIONNAME = xiang;
				TargetAttributes = {
					F0CEE48D210810F2007B9DCA = {
						CreatedOnToolsVersion = 9.4;
					};
				};
			};
			buildConfigurationList = F0CEE489210810F2007B9DCA /* Build configuration list for PBXProject "ESCOpenGLESShowImageDemo" */;
			compatibilityVersion = "Xcode 9.3";
			developmentRegion = en;
			hasScannedForEncodings = 0;
			knownRegions = (
				en,
				Base,
			);
			mainGroup = F0CEE485210810F2007B9DCA;
			productRefGroup = F0CEE48F210810F2007B9DCA /* Products */;
			projectDirPath = "";
			projectRoot = "";
			targets = (
				F0CEE48D210810F2007B9DCA /* ESCOpenGLESShowImageDemo */,
			);
		};
/* End PBXProject section */

/* Begin PBXResourcesBuildPhase section */
		F0CEE48C210810F2007B9DCA /* Resources */ = {
			isa = PBXResourcesBuildPhase;
			buildActionMask = 2147483647;
			files = (
				F0CEE49E21081116007B9DCA /* LaunchScreen.storyboard in Resources */,
				F0CEE49B21081115007B9DCA /* Assets.xcassets in Resources */,
				F0CEE4AF210821AB007B9DCA /* fragmentshader.fmsd in Resources */,
				F0CEE4B82108583D007B9DCA /* vertexshader.vtsd in Resources */,
				F0CEE499210810F2007B9DCA /* Main.storyboard in Resources */,
			);
			runOnlyForDeploymentPostprocessing = 0;
		};
/* End PBXResourcesBuildPhase section */

/* Begin PBXSourcesBuildPhase section */
		F0CEE48A210810F2007B9DCA /* Sources */ = {
			isa = PBXSourcesBuildPhase;
			buildActionMask = 2147483647;
			files = (
				F0CEE496210810F2007B9DCA /* ViewController.m in Sources */,
				F0CEE4A121081116007B9DCA /* main.m in Sources */,
				F0CEE493210810F2007B9DCA /* AppDelegate.m in Sources */,
				F0CEE4A9210811CF007B9DCA /* ESCOpenGLESView.m in Sources */,
			);
			runOnlyForDeploymentPostprocessing = 0;
		};
/* End PBXSourcesBuildPhase section */

/* Begin PBXVariantGroup section */
		F0CEE497210810F2007B9DCA /* Main.storyboard */ = {
			isa = PBXVariantGroup;
			children = (
				F0CEE498210810F2007B9DCA /* Base */,
			);
			name = Main.storyboard;
			sourceTree = "<group>";
		};
		F0CEE49C21081116007B9DCA /* LaunchScreen.storyboard */ = {
			isa = PBXVariantGroup;
			children = (
				F0CEE49D21081116007B9DCA /* Base */,
			);
			name = LaunchScreen.storyboard;
			sourceTree = "<group>";
		};
/* End PBXVariantGroup section */

/* Begin XCBuildConfiguration section */
		F0CEE4A221081116007B9DCA /* Debug */ = {
			isa = XCBuildConfiguration;
			buildSettings = {
				ALWAYS_SEARCH_USER_PATHS = NO;
				CLANG_ANALYZER_NONNULL = YES;
				CLANG_ANALYZER_NUMBER_OBJECT_CONVERSION = YES_AGGRESSIVE;
				CLANG_CXX_LANGUAGE_STANDARD = "gnu++14";
				CLANG_CXX_LIBRARY = "libc++";
				CLANG_ENABLE_MODULES = YES;
				CLANG_ENABLE_OBJC_ARC = YES;
				CLANG_ENABLE_OBJC_WEAK = YES;
				CLANG_WARN_BLOCK_CAPTURE_AUTORELEASING = YES;
				CLANG_WARN_BOOL_CONVERSION = YES;
				CLANG_WARN_COMMA = YES;
				CLANG_WARN_CONSTANT_CONVERSION = YES;
				CLANG_WARN_DEPRECATED_OBJC_IMPLEMENTATIONS = YES;
				CLANG_WARN_DIRECT_OBJC_ISA_USAGE = YES_ERROR;
				CLANG_WARN_DOCUMENTATION_COMMENTS = YES;
				CLANG_WARN_EMPTY_BODY = YES;
				CLANG_WARN_ENUM_CONVERSION = YES;
				CLANG_WARN_INFINITE_RECURSION = YES;
				CLANG_WARN_INT_CONVERSION = YES;
				CLANG_WARN_NON_LITERAL_NULL_CONVERSION = YES;
				CLANG_WARN_OBJC_IMPLICIT_RETAIN_SELF = YES;
				CLANG_WARN_OBJC_LITERAL_CONVERSION = YES;
				CLANG_WARN_OBJC_ROOT_CLASS = YES_ERROR;
				CLANG_WARN_RANGE_LOOP_ANALYSIS = YES;
				CLANG_WARN_STRICT_PROTOTYPES = YES;
				CLANG_WARN_SUSPICIOUS_MOVE = YES;
				CLANG_WARN_UNGUARDED_AVAILABILITY = YES_AGGRESSIVE;
				CLANG_WARN_UNREACHABLE_CODE = YES;
				CLANG_WARN__DUPLICATE_METHOD_MATCH = YES;
				CODE_SIGN_IDENTITY = "iPhone Developer";
				COPY_PHASE_STRIP = NO;
				DEBUG_INFORMATION_FORMAT = dwarf;
				ENABLE_STRICT_OBJC_MSGSEND = YES;
				ENABLE_TESTABILITY = YES;
				GCC_C_LANGUAGE_STANDARD = gnu11;
				GCC_DYNAMIC_NO_PIC = NO;
				GCC_NO_COMMON_BLOCKS = YES;
				GCC_OPTIMIZATION_LEVEL = 0;
				GCC_PREPROCESSOR_DEFINITIONS = (
					"DEBUG=1",
					"$(inherited)",
				);
				GCC_WARN_64_TO_32_BIT_CONVERSION = YES;
				GCC_WARN_ABOUT_RETURN_TYPE = YES_ERROR;
				GCC_WARN_UNDECLARED_SELECTOR = YES;
				GCC_WARN_UNINITIALIZED_AUTOS = YES_AGGRESSIVE;
				GCC_WARN_UNUSED_FUNCTION = YES;
				GCC_WARN_UNUSED_VARIABLE = YES;
				IPHONEOS_DEPLOYMENT_TARGET = 11.4;
				MTL_ENABLE_DEBUG_INFO = YES;
				ONLY_ACTIVE_ARCH = YES;
				SDKROOT = iphoneos;
			};
			name = Debug;
		};
		F0CEE4A321081116007B9DCA /* Release */ = {
			isa = XCBuildConfiguration;
			buildSettings = {
				ALWAYS_SEARCH_USER_PATHS = NO;
				CLANG_ANALYZER_NONNULL = YES;
				CLANG_ANALYZER_NUMBER_OBJECT_CONVERSION = YES_AGGRESSIVE;
				CLANG_CXX_LANGUAGE_STANDARD = "gnu++14";
				CLANG_CXX_LIBRARY = "libc++";
				CLANG_ENABLE_MODULES = YES;
				CLANG_ENABLE_OBJC_ARC = YES;
				CLANG_ENABLE_OBJC_WEAK = YES;
				CLANG_WARN_BLOCK_CAPTURE_AUTORELEASING = YES;
				CLANG_WARN_BOOL_CONVERSION = YES;
				CLANG_WARN_COMMA = YES;
				CLANG_WARN_CONSTANT_CONVERSION = YES;
				CLANG_WARN_DEPRECATED_OBJC_IMPLEMENTATIONS = YES;
				CLANG_WARN_DIRECT_OBJC_ISA_USAGE = YES_ERROR;
				CLANG_WARN_DOCUMENTATION_COMMENTS = YES;
				CLANG_WARN_EMPTY_BODY = YES;
				CLANG_WARN_ENUM_CONVERSION = YES;
				CLANG_WARN_INFINITE_RECURSION = YES;
				CLANG_WARN_INT_CONVERSION = YES;
				CLANG_WARN_NON_LITERAL_NULL_CONVERSION = YES;
				CLANG_WARN_OBJC_IMPLICIT_RETAIN_SELF = YES;
				CLANG_WARN_OBJC_LITERAL_CONVERSION = YES;
				CLANG_WARN_OBJC_ROOT_CLASS = YES_ERROR;
				CLANG_WARN_RANGE_LOOP_ANALYSIS = YES;
				CLANG_WARN_STRICT_PROTOTYPES = YES;
				CLANG_WARN_SUSPICIOUS_MOVE = YES;
				CLANG_WARN_UNGUARDED_AVAILABILITY = YES_AGGRESSIVE;
				CLANG_WARN_UNREACHABLE_CODE = YES;
				CLANG_WARN__DUPLICATE_METHOD_MATCH = YES;
				CODE_SIGN_IDENTITY = "iPhone Developer";
				COPY_PHASE_STRIP = NO;
				DEBUG_INFORMATION_FORMAT = "dwarf-with-dsym";
				ENABLE_NS_ASSERTIONS = NO;
				ENABLE_STRICT_OBJC_MSGSEND = YES;
				GCC_C_LANGUAGE_STANDARD = gnu11;
				GCC_NO_COMMON_BLOCKS = YES;
				GCC_WARN_64_TO_32_BIT_CONVERSION = YES;
				GCC_WARN_ABOUT_RETURN_TYPE = YES_ERROR;
				GCC_WARN_UNDECLARED_SELECTOR = YES;
				GCC_WARN_UNINITIALIZED_AUTOS = YES_AGGRESSIVE;
				GCC_WARN_UNUSED_FUNCTION = YES;
				GCC_WARN_UNUSED_VARIABLE = YES;
				IPHONEOS_DEPLOYMENT_TARGET = 11.4;
				MTL_ENABLE_DEBUG_INFO = NO;
				SDKROOT = iphoneos;
				VALIDATE_PRODUCT = YES;
			};
			name = Release;
		};
		F0CEE4A521081116007B9DCA /* Debug */ = {
			isa = XCBuildConfiguration;
			buildSettings = {
				ASSETCATALOG_COMPILER_APPICON_NAME = AppIcon;
				CODE_SIGN_STYLE = Automatic;
				DEVELOPMENT_TEAM = 4SF28MHQDQ;
				INFOPLIST_FILE = ESCOpenGLESShowImageDemo/Info.plist;
				IPHONEOS_DEPLOYMENT_TARGET = 9.0;
				LD_RUNPATH_SEARCH_PATHS = (
					"$(inherited)",
					"@executable_path/Frameworks",
				);
				PRODUCT_BUNDLE_IDENTIFIER = com.xiang.ESCOpenGLESShowImageDemo;
				PRODUCT_NAME = "$(TARGET_NAME)";
				TARGETED_DEVICE_FAMILY = "1,2";
			};
			name = Debug;
		};
		F0CEE4A621081116007B9DCA /* Release */ = {
			isa = XCBuildConfiguration;
			buildSettings = {
				ASSETCATALOG_COMPILER_APPICON_NAME = AppIcon;
				CODE_SIGN_STYLE = Automatic;
				DEVELOPMENT_TEAM = 4SF28MHQDQ;
				INFOPLIST_FILE = ESCOpenGLESShowImageDemo/Info.plist;
				IPHONEOS_DEPLOYMENT_TARGET = 9.0;
				LD_RUNPATH_SEARCH_PATHS = (
					"$(inherited)",
					"@executable_path/Frameworks",
				);
				PRODUCT_BUNDLE_IDENTIFIER = com.xiang.ESCOpenGLESShowImageDemo;
				PRODUCT_NAME = "$(TARGET_NAME)";
				TARGETED_DEVICE_FAMILY = "1,2";
			};
			name = Release;
		};
/* End XCBuildConfiguration section */

/* Begin XCConfigurationList section */
		F0CEE489210810F2007B9DCA /* Build configuration list for PBXProject "ESCOpenGLESShowImageDemo" */ = {
			isa = XCConfigurationList;
			buildConfigurations = (
				F0CEE4A221081116007B9DCA /* Debug */,
				F0CEE4A321081116007B9DCA /* Release */,
			);
			defaultConfigurationIsVisible = 0;
			defaultConfigurationName = Release;
		};
		F0CEE4A421081116007B9DCA /* Build configuration list for PBXNativeTarget "ESCOpenGLESShowImageDemo" */ = {
			isa = XCConfigurationList;
			buildConfigurations = (
				F0CEE4A521081116007B9DCA /* Debug */,
				F0CEE4A621081116007B9DCA /* Release */,
			);
			defaultConfigurationIsVisible = 0;
			defaultConfigurationName = Release;
		};
/* End XCConfigurationList section */
	};
	rootObject = F0CEE486210810F2007B9DCA /* Project object */;
}
